
Microsoft Visual Studio Solution File, Format Version 12.00
# Visual Studio 2012
Project("{FAE04EC0-301F-11D3-BF4B-00C04F79EFBC}") = "WinBox", "WinBox\WinBox.csproj", "{0D2E9D65-3F97-42AD-B39D-CCE2117B573F}"
EndProject
Project("{FAE04EC0-301F-11D3-BF4B-00C04F79EFBC}") = "WinBoxAgent", "WinBoxAgent\WinBoxAgent.csproj", "{5B124379-083A-40BC-8AFC-84E91CC7D5E0}"
EndProject
Project("{FAE04EC0-301F-11D3-BF4B-00C04F79EFBC}") = "DropNet.WindowsPhone", "..\DropNet\DropNet.WindowsPhone\DropNet.WindowsPhone.csproj", "{C73D4D29-41E9-4BB1-B70D-38E36187CF51}"
EndProject
Global
	GlobalSection(SolutionConfigurationPlatforms) = preSolution
		DEBUG_AGENT|Any CPU = DEBUG_AGENT|Any CPU
		DEBUG_AGENT|ARM = DEBUG_AGENT|ARM
		DEBUG_AGENT|x86 = DEBUG_AGENT|x86
		Debug|Any CPU = Debug|Any CPU
		Debug|ARM = Debug|ARM
		Debug|x86 = Debug|x86
		Release|Any CPU = Release|Any CPU
		Release|ARM = Release|ARM
		Release|x86 = Release|x86
	EndGlobalSection
	GlobalSection(ProjectConfigurationPlatforms) = postSolution
		{0D2E9D65-3F97-42AD-B39D-CCE2117B573F}.DEBUG_AGENT|Any CPU.ActiveCfg = DEBUG_AGENT|Any CPU
		{0D2E9D65-3F97-42AD-B39D-CCE2117B573F}.DEBUG_AGENT|Any CPU.Build.0 = DEBUG_AGENT|Any CPU
		{0D2E9D65-3F97-42AD-B39D-CCE2117B573F}.DEBUG_AGENT|Any CPU.Deploy.0 = DEBUG_AGENT|Any CPU
		{0D2E9D65-3F97-42AD-B39D-CCE2117B573F}.DEBUG_AGENT|ARM.ActiveCfg = DEBUG_AGENT|Any CPU
		{0D2E9D65-3F97-42AD-B39D-CCE2117B573F}.DEBUG_AGENT|ARM.Build.0 = DEBUG_AGENT|Any CPU
		{0D2E9D65-3F97-42AD-B39D-CCE2117B573F}.DEBUG_AGENT|ARM.Deploy.0 = DEBUG_AGENT|Any CPU
		{0D2E9D65-3F97-42AD-B39D-CCE2117B573F}.DEBUG_AGENT|x86.ActiveCfg = DEBUG_AGENT|x86
		{0D2E9D65-3F97-42AD-B39D-CCE2117B573F}.DEBUG_AGENT|x86.Build.0 = DEBUG_AGENT|x86
		{0D2E9D65-3F97-42AD-B39D-CCE2117B573F}.DEBUG_AGENT|x86.Deploy.0 = DEBUG_AGENT|x86
		{0D2E9D65-3F97-42AD-B39D-CCE2117B573F}.Debug|Any CPU.ActiveCfg = Debug|Any CPU
		{0D2E9D65-3F97-42AD-B39D-CCE2117B573F}.Debug|Any CPU.Build.0 = Debug|Any CPU
		{0D2E9D65-3F97-42AD-B39D-CCE2117B573F}.Debug|Any CPU.Deploy.0 = Debug|Any CPU
		{0D2E9D65-3F97-42AD-B39D-CCE2117B573F}.Debug|ARM.ActiveCfg = Debug|ARM
		{0D2E9D65-3F97-42AD-B39D-CCE2117B573F}.Debug|ARM.Build.0 = Debug|ARM
		{0D2E9D65-3F97-42AD-B39D-CCE2117B573F}.Debug|ARM.Deploy.0 = Debug|ARM
		{0D2E9D65-3F97-42AD-B39D-CCE2117B573F}.Debug|x86.ActiveCfg = Debug|x86
		{0D2E9D65-3F97-42AD-B39D-CCE2117B573F}.Debug|x86.Build.0 = Debug|x86
		{0D2E9D65-3F97-42AD-B39D-CCE2117B573F}.Debug|x86.Deploy.0 = Debug|x86
		{0D2E9D65-3F97-42AD-B39D-CCE2117B573F}.Release|Any CPU.ActiveCfg = Release|Any CPU
		{0D2E9D65-3F97-42AD-B39D-CCE2117B573F}.Release|Any CPU.Build.0 = Release|Any CPU
		{0D2E9D65-3F97-42AD-B39D-CCE2117B573F}.Release|Any CPU.Deploy.0 = Release|Any CPU
		{0D2E9D65-3F97-42AD-B39D-CCE2117B573F}.Release|ARM.ActiveCfg = Release|ARM
		{0D2E9D65-3F97-42AD-B39D-CCE2117B573F}.Release|ARM.Build.0 = Release|ARM
		{0D2E9D65-3F97-42AD-B39D-CCE2117B573F}.Release|ARM.Deploy.0 = Release|ARM
		{0D2E9D65-3F97-42AD-B39D-CCE2117B573F}.Release|x86.ActiveCfg = Release|x86
		{0D2E9D65-3F97-42AD-B39D-CCE2117B573F}.Release|x86.Build.0 = Release|x86
		{0D2E9D65-3F97-42AD-B39D-CCE2117B573F}.Release|x86.Deploy.0 = Release|x86
		{5B124379-083A-40BC-8AFC-84E91CC7D5E0}.DEBUG_AGENT|Any CPU.ActiveCfg = DEBUG_AGENT|Any CPU
		{5B124379-083A-40BC-8AFC-84E91CC7D5E0}.DEBUG_AGENT|Any CPU.Build.0 = DEBUG_AGENT|Any CPU
		{5B124379-083A-40BC-8AFC-84E91CC7D5E0}.DEBUG_AGENT|ARM.ActiveCfg = DEBUG_AGENT|Any CPU
		{5B124379-083A-40BC-8AFC-84E91CC7D5E0}.DEBUG_AGENT|ARM.Build.0 = DEBUG_AGENT|Any CPU
		{5B124379-083A-40BC-8AFC-84E91CC7D5E0}.DEBUG_AGENT|x86.ActiveCfg = DEBUG_AGENT|x86
		{5B124379-083A-40BC-8AFC-84E91CC7D5E0}.DEBUG_AGENT|x86.Build.0 = DEBUG_AGENT|x86
		{5B124379-083A-40BC-8AFC-84E91CC7D5E0}.Debug|Any CPU.ActiveCfg = Debug|Any CPU
		{5B124379-083A-40BC-8AFC-84E91CC7D5E0}.Debug|Any CPU.Build.0 = Debug|Any CPU
		{5B124379-083A-40BC-8AFC-84E91CC7D5E0}.Debug|ARM.ActiveCfg = Debug|ARM
		{5B124379-083A-40BC-8AFC-84E91CC7D5E0}.Debug|ARM.Build.0 = Debug|ARM
		{5B124379-083A-40BC-8AFC-84E91CC7D5E0}.Debug|x86.ActiveCfg = Debug|x86
		{5B124379-083A-40BC-8AFC-84E91CC7D5E0}.Debug|x86.Build.0 = Debug|x86
		{5B124379-083A-40BC-8AFC-84E91CC7D5E0}.Release|Any CPU.ActiveCfg = Release|Any CPU
		{5B124379-083A-40BC-8AFC-84E91CC7D5E0}.Release|Any CPU.Build.0 = Release|Any CPU
		{5B124379-083A-40BC-8AFC-84E91CC7D5E0}.Release|ARM.ActiveCfg = Release|ARM
		{5B124379-083A-40BC-8AFC-84E91CC7D5E0}.Release|ARM.Build.0 = Release|ARM
		{5B124379-083A-40BC-8AFC-84E91CC7D5E0}.Release|x86.ActiveCfg = Release|x86
		{5B124379-083A-40BC-8AFC-84E91CC7D5E0}.Release|x86.Build.0 = Release|x86
		{C73D4D29-41E9-4BB1-B70D-38E36187CF51}.DEBUG_AGENT|Any CPU.ActiveCfg = Debug|Any CPU
		{C73D4D29-41E9-4BB1-B70D-38E36187CF51}.DEBUG_AGENT|Any CPU.Build.0 = Debug|Any CPU
		{C73D4D29-41E9-4BB1-B70D-38E36187CF51}.DEBUG_AGENT|ARM.ActiveCfg = Debug|Any CPU
		{C73D4D29-41E9-4BB1-B70D-38E36187CF51}.DEBUG_AGENT|x86.ActiveCfg = Debug|Any CPU
		{C73D4D29-41E9-4BB1-B70D-38E36187CF51}.Debug|Any CPU.ActiveCfg = Debug|Any CPU
		{C73D4D29-41E9-4BB1-B70D-38E36187CF51}.Debug|Any CPU.Build.0 = Debug|Any CPU
		{C73D4D29-41E9-4BB1-B70D-38E36187CF51}.Debug|ARM.ActiveCfg = Debug|Any CPU
		{C73D4D29-41E9-4BB1-B70D-38E36187CF51}.Debug|x86.ActiveCfg = Debug|Any CPU
		{C73D4D29-41E9-4BB1-B70D-38E36187CF51}.Release|Any CPU.ActiveCfg = Release|Any CPU
		{C73D4D29-41E9-4BB1-B70D-38E36187CF51}.Release|Any CPU.Build.0 = Release|Any CPU
		{C73D4D29-41E9-4BB1-B70D-38E36187CF51}.Release|ARM.ActiveCfg = Release|Any CPU
		{C73D4D29-41E9-4BB1-B70D-38E36187CF51}.Release|x86.ActiveCfg = Release|Any CPU
	EndGlobalSection
	GlobalSection(SolutionProperties) = preSolution
		HideSolutionNode = FALSE
	EndGlobalSection
EndGlobal
